// !$*UTF8*$!
{
	archiveVersion = 1;
	classes = {
	};
	objectVersion = 55;
	objects = {

/* Begin PBXBuildFile section */
		DD3393382939EF3E004179BD /* PlaceModel.swift in Sources */ = {isa = PBXBuildFile; fileRef = DD3393372939EF3E004179BD /* PlaceModel.swift */; };
		DD38D7DB2960721F0018BF01 /* MapManager.swift in Sources */ = {isa = PBXBuildFile; fileRef = DD38D7DA2960721F0018BF01 /* MapManager.swift */; };
		DD3FE83629532995009AC796 /* MapViewController.swift in Sources */ = {isa = PBXBuildFile; fileRef = DD3FE83529532995009AC796 /* MapViewController.swift */; };
		DD50B453293915AB0089131A /* CustomTableViewCell.swift in Sources */ = {isa = PBXBuildFile; fileRef = DD50B452293915AB0089131A /* CustomTableViewCell.swift */; };
		DD53628529351634009A19FF /* AppDelegate.swift in Sources */ = {isa = PBXBuildFile; fileRef = DD53628429351634009A19FF /* AppDelegate.swift */; };
		DD53628729351634009A19FF /* SceneDelegate.swift in Sources */ = {isa = PBXBuildFile; fileRef = DD53628629351634009A19FF /* SceneDelegate.swift */; };
		DD53628C29351634009A19FF /* Main.storyboard in Resources */ = {isa = PBXBuildFile; fileRef = DD53628A29351634009A19FF /* Main.storyboard */; };
		DD53628E29351636009A19FF /* Assets.xcassets in Resources */ = {isa = PBXBuildFile; fileRef = DD53628D29351636009A19FF /* Assets.xcassets */; };
		DD53629129351636009A19FF /* LaunchScreen.storyboard in Resources */ = {isa = PBXBuildFile; fileRef = DD53628F29351636009A19FF /* LaunchScreen.storyboard */; };
		DD5362992935345C009A19FF /* MainViewController.swift in Sources */ = {isa = PBXBuildFile; fileRef = DD5362982935345C009A19FF /* MainViewController.swift */; };
		DD592E2429523C2C00893034 /* Cosmos in Frameworks */ = {isa = PBXBuildFile; productRef = DD592E2329523C2C00893034 /* Cosmos */; };
		DD9D0B1A293D1B8F008B910C /* NewPlaceViewController.swift in Sources */ = {isa = PBXBuildFile; fileRef = DD9D0B19293D1B8F008B910C /* NewPlaceViewController.swift */; };
		DDA814EF294F10C900042D00 /* RatingControl.swift in Sources */ = {isa = PBXBuildFile; fileRef = DDA814EE294F10C900042D00 /* RatingControl.swift */; };
		DDE870C8293F4C4200D53156 /* Realm in Frameworks */ = {isa = PBXBuildFile; productRef = DDE870C7293F4C4200D53156 /* Realm */; };
		DDE870CA293F4C4200D53156 /* RealmSwift in Frameworks */ = {isa = PBXBuildFile; productRef = DDE870C9293F4C4200D53156 /* RealmSwift */; };
		DDE870CC293F6C5500D53156 /* StorageManager.swift in Sources */ = {isa = PBXBuildFile; fileRef = DDE870CB293F6C5500D53156 /* StorageManager.swift */; };
/* End PBXBuildFile section */

/* Begin PBXFileReference section */
		DD3393372939EF3E004179BD /* PlaceModel.swift */ = {isa = PBXFileReference; lastKnownFileType = sourcecode.swift; path = PlaceModel.swift; sourceTree = "<group>"; };
		DD38D7DA2960721F0018BF01 /* MapManager.swift */ = {isa = PBXFileReference; lastKnownFileType = sourcecode.swift; path = MapManager.swift; sourceTree = "<group>"; };
		DD3FE83529532995009AC796 /* MapViewController.swift */ = {isa = PBXFileReference; lastKnownFileType = sourcecode.swift; path = MapViewController.swift; sourceTree = "<group>"; };
		DD50B452293915AB0089131A /* CustomTableViewCell.swift */ = {isa = PBXFileReference; lastKnownFileType = sourcecode.swift; path = CustomTableViewCell.swift; sourceTree = "<group>"; };
		DD53628129351634009A19FF /* MyPlaces.app */ = {isa = PBXFileReference; explicitFileType = wrapper.application; includeInIndex = 0; path = MyPlaces.app; sourceTree = BUILT_PRODUCTS_DIR; };
		DD53628429351634009A19FF /* AppDelegate.swift */ = {isa = PBXFileReference; lastKnownFileType = sourcecode.swift; path = AppDelegate.swift; sourceTree = "<group>"; };
		DD53628629351634009A19FF /* SceneDelegate.swift */ = {isa = PBXFileReference; lastKnownFileType = sourcecode.swift; path = SceneDelegate.swift; sourceTree = "<group>"; };
		DD53628B29351634009A19FF /* Base */ = {isa = PBXFileReference; lastKnownFileType = file.storyboard; name = Base; path = Base.lproj/Main.storyboard; sourceTree = "<group>"; };
		DD53628D29351636009A19FF /* Assets.xcassets */ = {isa = PBXFileReference; lastKnownFileType = folder.assetcatalog; path = Assets.xcassets; sourceTree = "<group>"; };
		DD53629029351636009A19FF /* Base */ = {isa = PBXFileReference; lastKnownFileType = file.storyboard; name = Base; path = Base.lproj/LaunchScreen.storyboard; sourceTree = "<group>"; };
		DD53629229351636009A19FF /* Info.plist */ = {isa = PBXFileReference; lastKnownFileType = text.plist.xml; name = Info.plist; path = MyPlaces/Info.plist; sourceTree = "<group>"; };
		DD5362982935345C009A19FF /* MainViewController.swift */ = {isa = PBXFileReference; lastKnownFileType = sourcecode.swift; path = MainViewController.swift; sourceTree = "<group>"; };
		DD9D0B19293D1B8F008B910C /* NewPlaceViewController.swift */ = {isa = PBXFileReference; lastKnownFileType = sourcecode.swift; path = NewPlaceViewController.swift; sourceTree = "<group>"; };
		DDA814EE294F10C900042D00 /* RatingControl.swift */ = {isa = PBXFileReference; lastKnownFileType = sourcecode.swift; path = RatingControl.swift; sourceTree = "<group>"; };
		DDE870CB293F6C5500D53156 /* StorageManager.swift */ = {isa = PBXFileReference; lastKnownFileType = sourcecode.swift; path = StorageManager.swift; sourceTree = "<group>"; };
/* End PBXFileReference section */

/* Begin PBXFrameworksBuildPhase section */
		DD53627E29351634009A19FF /* Frameworks */ = {
			isa = PBXFrameworksBuildPhase;
			buildActionMask = 2147483647;
			files = (
				DD592E2429523C2C00893034 /* Cosmos in Frameworks */,
				DDE870CA293F4C4200D53156 /* RealmSwift in Frameworks */,
				DDE870C8293F4C4200D53156 /* Realm in Frameworks */,
			);
			runOnlyForDeploymentPostprocessing = 0;
		};
/* End PBXFrameworksBuildPhase section */

/* Begin PBXGroup section */
		DD38D7DC29609E300018BF01 /* ViewControllers */ = {
			isa = PBXGroup;
			children = (
				DD5362982935345C009A19FF /* MainViewController.swift */,
				DD9D0B19293D1B8F008B910C /* NewPlaceViewController.swift */,
				DD3FE83529532995009AC796 /* MapViewController.swift */,
				DD50B452293915AB0089131A /* CustomTableViewCell.swift */,
			);
			path = ViewControllers;
			sourceTree = "<group>";
		};
		DD38D7DD29609E780018BF01 /* Model */ = {
			isa = PBXGroup;
			children = (
				DD3393372939EF3E004179BD /* PlaceModel.swift */,
			);
			path = Model;
			sourceTree = "<group>";
		};
		DD38D7DE29609E860018BF01 /* Helpers */ = {
			isa = PBXGroup;
			children = (
				DD38D7DA2960721F0018BF01 /* MapManager.swift */,
				DDE870CB293F6C5500D53156 /* StorageManager.swift */,
				DDA814EE294F10C900042D00 /* RatingControl.swift */,
			);
			path = Helpers;
			sourceTree = "<group>";
		};
		DD38D7DF29609EE10018BF01 /* Support files */ = {
			isa = PBXGroup;
			children = (
				DD53628429351634009A19FF /* AppDelegate.swift */,
				DD53628629351634009A19FF /* SceneDelegate.swift */,
				DD53628D29351636009A19FF /* Assets.xcassets */,
			);
			path = "Support files";
			sourceTree = "<group>";
		};
		DD38D7E029609F140018BF01 /* IBuilder */ = {
			isa = PBXGroup;
			children = (
				DD53628A29351634009A19FF /* Main.storyboard */,
				DD53628F29351636009A19FF /* LaunchScreen.storyboard */,
			);
			path = IBuilder;
			sourceTree = "<group>";
		};
		DD53627829351634009A19FF = {
			isa = PBXGroup;
			children = (
				DD53628329351634009A19FF /* MyPlaces */,
				DD53629229351636009A19FF /* Info.plist */,
				DD53628229351634009A19FF /* Products */,
			);
			sourceTree = "<group>";
		};
		DD53628229351634009A19FF /* Products */ = {
			isa = PBXGroup;
			children = (
				DD53628129351634009A19FF /* MyPlaces.app */,
			);
			name = Products;
			sourceTree = "<group>";
		};
		DD53628329351634009A19FF /* MyPlaces */ = {
			isa = PBXGroup;
			children = (
				DD38D7DC29609E300018BF01 /* ViewControllers */,
				DD38D7DE29609E860018BF01 /* Helpers */,
				DD38D7DD29609E780018BF01 /* Model */,
				DD38D7DF29609EE10018BF01 /* Support files */,
				DD38D7E029609F140018BF01 /* IBuilder */,
			);
			path = MyPlaces;
			sourceTree = "<group>";
		};
/* End PBXGroup section */

/* Begin PBXNativeTarget section */
		DD53628029351634009A19FF /* MyPlaces */ = {
			isa = PBXNativeTarget;
			buildConfigurationList = DD53629529351636009A19FF /* Build configuration list for PBXNativeTarget "MyPlaces" */;
			buildPhases = (
				DD53627D29351634009A19FF /* Sources */,
				DD53627E29351634009A19FF /* Frameworks */,
				DD53627F29351634009A19FF /* Resources */,
			);
			buildRules = (
			);
			dependencies = (
			);
			name = MyPlaces;
			packageProductDependencies = (
				DDE870C7293F4C4200D53156 /* Realm */,
				DDE870C9293F4C4200D53156 /* RealmSwift */,
				DD592E2329523C2C00893034 /* Cosmos */,
			);
			productName = MyPlaces;
			productReference = DD53628129351634009A19FF /* MyPlaces.app */;
			productType = "com.apple.product-type.application";
		};
/* End PBXNativeTarget section */

/* Begin PBXProject section */
		DD53627929351634009A19FF /* Project object */ = {
			isa = PBXProject;
			attributes = {
				BuildIndependentTargetsInParallel = 1;
				LastSwiftUpdateCheck = 1330;
				LastUpgradeCheck = 1330;
				TargetAttributes = {
					DD53628029351634009A19FF = {
						CreatedOnToolsVersion = 13.3;
					};
				};
			};
			buildConfigurationList = DD53627C29351634009A19FF /* Build configuration list for PBXProject "MyPlaces" */;
			compatibilityVersion = "Xcode 13.0";
			developmentRegion = en;
			hasScannedForEncodings = 0;
			knownRegions = (
				en,
				Base,
			);
			mainGroup = DD53627829351634009A19FF;
			packageReferences = (
				DDE870C6293F4C4200D53156 /* XCRemoteSwiftPackageReference "realm-swift" */,
				DD592E2229523C2C00893034 /* XCRemoteSwiftPackageReference "Cosmos" */,
			);
			productRefGroup = DD53628229351634009A19FF /* Products */;
			projectDirPath = "";
			projectRoot = "";
			targets = (
				DD53628029351634009A19FF /* MyPlaces */,
			);
		};
/* End PBXProject section */

/* Begin PBXResourcesBuildPhase section */
		DD53627F29351634009A19FF /* Resources */ = {
			isa = PBXResourcesBuildPhase;
			buildActionMask = 2147483647;
			files = (
				DD53629129351636009A19FF /* LaunchScreen.storyboard in Resources */,
				DD53628E29351636009A19FF /* Assets.xcassets in Resources */,
				DD53628C29351634009A19FF /* Main.storyboard in Resources */,
			);
			runOnlyForDeploymentPostprocessing = 0;
		};
/* End PBXResourcesBuildPhase section */

/* Begin PBXSourcesBuildPhase section */
		DD53627D29351634009A19FF /* Sources */ = {
			isa = PBXSourcesBuildPhase;
			buildActionMask = 2147483647;
			files = (
				DD5362992935345C009A19FF /* MainViewController.swift in Sources */,
				DD9D0B1A293D1B8F008B910C /* NewPlaceViewController.swift in Sources */,
				DD53628529351634009A19FF /* AppDelegate.swift in Sources */,
				DDE870CC293F6C5500D53156 /* StorageManager.swift in Sources */,
				DD3FE83629532995009AC796 /* MapViewController.swift in Sources */,
				DDA814EF294F10C900042D00 /* RatingControl.swift in Sources */,
				DD38D7DB2960721F0018BF01 /* MapManager.swift in Sources */,
				DD3393382939EF3E004179BD /* PlaceModel.swift in Sources */,
				DD50B453293915AB0089131A /* CustomTableViewCell.swift in Sources */,
				DD53628729351634009A19FF /* SceneDelegate.swift in Sources */,
			);
			runOnlyForDeploymentPostprocessing = 0;
		};
/* End PBXSourcesBuildPhase section */

/* Begin PBXVariantGroup section */
		DD53628A29351634009A19FF /* Main.storyboard */ = {
			isa = PBXVariantGroup;
			children = (
				DD53628B29351634009A19FF /* Base */,
			);
			name = Main.storyboard;
			sourceTree = "<group>";
		};
		DD53628F29351636009A19FF /* LaunchScreen.storyboard */ = {
			isa = PBXVariantGroup;
			children = (
				DD53629029351636009A19FF /* Base */,
			);
			name = LaunchScreen.storyboard;
			sourceTree = "<group>";
		};
/* End PBXVariantGroup section */

/* Begin XCBuildConfiguration section */
		DD53629329351636009A19FF /* Debug */ = {
			isa = XCBuildConfiguration;
			buildSettings = {
				ALWAYS_SEARCH_USER_PATHS = NO;
				CLANG_ANALYZER_NONNULL = YES;
				CLANG_ANALYZER_NUMBER_OBJECT_CONVERSION = YES_AGGRESSIVE;
				CLANG_CXX_LANGUAGE_STANDARD = "gnu++17";
				CLANG_ENABLE_MODULES = YES;
				CLANG_ENABLE_OBJC_ARC = YES;
				CLANG_ENABLE_OBJC_WEAK = YES;
				CLANG_WARN_BLOCK_CAPTURE_AUTORELEASING = YES;
				CLANG_WARN_BOOL_CONVERSION = YES;
				CLANG_WARN_COMMA = YES;
				CLANG_WARN_CONSTANT_CONVERSION = YES;
				CLANG_WARN_DEPRECATED_OBJC_IMPLEMENTATIONS = YES;
				CLANG_WARN_DIRECT_OBJC_ISA_USAGE = YES_ERROR;
				CLANG_WARN_DOCUMENTATION_COMMENTS = YES;
				CLANG_WARN_EMPTY_BODY = YES;
				CLANG_WARN_ENUM_CONVERSION = YES;
				CLANG_WARN_INFINITE_RECURSION = YES;
				CLANG_WARN_INT_CONVERSION = YES;
				CLANG_WARN_NON_LITERAL_NULL_CONVERSION = YES;
				CLANG_WARN_OBJC_IMPLICIT_RETAIN_SELF = YES;
				CLANG_WARN_OBJC_LITERAL_CONVERSION = YES;
				CLANG_WARN_OBJC_ROOT_CLASS = YES_ERROR;
				CLANG_WARN_QUOTED_INCLUDE_IN_FRAMEWORK_HEADER = YES;
				CLANG_WARN_RANGE_LOOP_ANALYSIS = YES;
				CLANG_WARN_STRICT_PROTOTYPES = YES;
				CLANG_WARN_SUSPICIOUS_MOVE = YES;
				CLANG_WARN_UNGUARDED_AVAILABILITY = YES_AGGRESSIVE;
				CLANG_WARN_UNREACHABLE_CODE = YES;
				CLANG_WARN__DUPLICATE_METHOD_MATCH = YES;
				COPY_PHASE_STRIP = NO;
				DEBUG_INFORMATION_FORMAT = dwarf;
				ENABLE_STRICT_OBJC_MSGSEND = YES;
				ENABLE_TESTABILITY = YES;
				GCC_C_LANGUAGE_STANDARD = gnu11;
				GCC_DYNAMIC_NO_PIC = NO;
				GCC_NO_COMMON_BLOCKS = YES;
				GCC_OPTIMIZATION_LEVEL = 0;
				GCC_PREPROCESSOR_DEFINITIONS = (
					"DEBUG=1",
					"$(inherited)",
				);
				GCC_WARN_64_TO_32_BIT_CONVERSION = YES;
				GCC_WARN_ABOUT_RETURN_TYPE = YES_ERROR;
				GCC_WARN_UNDECLARED_SELECTOR = YES;
				GCC_WARN_UNINITIALIZED_AUTOS = YES_AGGRESSIVE;
				GCC_WARN_UNUSED_FUNCTION = YES;
				GCC_WARN_UNUSED_VARIABLE = YES;
				IPHONEOS_DEPLOYMENT_TARGET = 15.4;
				MTL_ENABLE_DEBUG_INFO = INCLUDE_SOURCE;
				MTL_FAST_MATH = YES;
				ONLY_ACTIVE_ARCH = YES;
				SDKROOT = iphoneos;
				SWIFT_ACTIVE_COMPILATION_CONDITIONS = DEBUG;
				SWIFT_OPTIMIZATION_LEVEL = "-Onone";
			};
			name = Debug;
		};
		DD53629429351636009A19FF /* Release */ = {
			isa = XCBuildConfiguration;
			buildSettings = {
				ALWAYS_SEARCH_USER_PATHS = NO;
				CLANG_ANALYZER_NONNULL = YES;
				CLANG_ANALYZER_NUMBER_OBJECT_CONVERSION = YES_AGGRESSIVE;
				CLANG_CXX_LANGUAGE_STANDARD = "gnu++17";
				CLANG_ENABLE_MODULES = YES;
				CLANG_ENABLE_OBJC_ARC = YES;
				CLANG_ENABLE_OBJC_WEAK = YES;
				CLANG_WARN_BLOCK_CAPTURE_AUTORELEASING = YES;
				CLANG_WARN_BOOL_CONVERSION = YES;
				CLANG_WARN_COMMA = YES;
				CLANG_WARN_CONSTANT_CONVERSION = YES;
				CLANG_WARN_DEPRECATED_OBJC_IMPLEMENTATIONS = YES;
				CLANG_WARN_DIRECT_OBJC_ISA_USAGE = YES_ERROR;
				CLANG_WARN_DOCUMENTATION_COMMENTS = YES;
				CLANG_WARN_EMPTY_BODY = YES;
				CLANG_WARN_ENUM_CONVERSION = YES;
				CLANG_WARN_INFINITE_RECURSION = YES;
				CLANG_WARN_INT_CONVERSION = YES;
				CLANG_WARN_NON_LITERAL_NULL_CONVERSION = YES;
				CLANG_WARN_OBJC_IMPLICIT_RETAIN_SELF = YES;
				CLANG_WARN_OBJC_LITERAL_CONVERSION = YES;
				CLANG_WARN_OBJC_ROOT_CLASS = YES_ERROR;
				CLANG_WARN_QUOTED_INCLUDE_IN_FRAMEWORK_HEADER = YES;
				CLANG_WARN_RANGE_LOOP_ANALYSIS = YES;
				CLANG_WARN_STRICT_PROTOTYPES = YES;
				CLANG_WARN_SUSPICIOUS_MOVE = YES;
				CLANG_WARN_UNGUARDED_AVAILABILITY = YES_AGGRESSIVE;
				CLANG_WARN_UNREACHABLE_CODE = YES;
				CLANG_WARN__DUPLICATE_METHOD_MATCH = YES;
				COPY_PHASE_STRIP = NO;
				DEBUG_INFORMATION_FORMAT = "dwarf-with-dsym";
				ENABLE_NS_ASSERTIONS = NO;
				ENABLE_STRICT_OBJC_MSGSEND = YES;
				GCC_C_LANGUAGE_STANDARD = gnu11;
				GCC_NO_COMMON_BLOCKS = YES;
				GCC_WARN_64_TO_32_BIT_CONVERSION = YES;
				GCC_WARN_ABOUT_RETURN_TYPE = YES_ERROR;
				GCC_WARN_UNDECLARED_SELECTOR = YES;
				GCC_WARN_UNINITIALIZED_AUTOS = YES_AGGRESSIVE;
				GCC_WARN_UNUSED_FUNCTION = YES;
				GCC_WARN_UNUSED_VARIABLE = YES;
				IPHONEOS_DEPLOYMENT_TARGET = 15.4;
				MTL_ENABLE_DEBUG_INFO = NO;
				MTL_FAST_MATH = YES;
				SDKROOT = iphoneos;
				SWIFT_COMPILATION_MODE = wholemodule;
				SWIFT_OPTIMIZATION_LEVEL = "-O";
				VALIDATE_PRODUCT = YES;
			};
			name = Release;
		};
		DD53629629351636009A19FF /* Debug */ = {
			isa = XCBuildConfiguration;
			buildSettings = {
				ASSETCATALOG_COMPILER_APPICON_NAME = AppIcon;
				ASSETCATALOG_COMPILER_GLOBAL_ACCENT_COLOR_NAME = AccentColor;
				CODE_SIGN_STYLE = Automatic;
				CURRENT_PROJECT_VERSION = 1;
				DEVELOPMENT_TEAM = F5T2KNU2K8;
				GENERATE_INFOPLIST_FILE = YES;
				INFOPLIST_FILE = MyPlaces/Info.plist;
				INFOPLIST_KEY_UIApplicationSupportsIndirectInputEvents = YES;
				INFOPLIST_KEY_UILaunchStoryboardName = LaunchScreen;
				INFOPLIST_KEY_UIMainStoryboardFile = Main;
				INFOPLIST_KEY_UISupportedInterfaceOrientations_iPad = "UIInterfaceOrientationPortrait UIInterfaceOrientationPortraitUpsideDown UIInterfaceOrientationLandscapeLeft UIInterfaceOrientationLandscapeRight";
				INFOPLIST_KEY_UISupportedInterfaceOrientations_iPhone = "UIInterfaceOrientationPortrait UIInterfaceOrientationLandscapeLeft UIInterfaceOrientationLandscapeRight";
				LD_RUNPATH_SEARCH_PATHS = (
					"$(inherited)",
					"@executable_path/Frameworks",
				);
				MARKETING_VERSION = 1.0;
				PRODUCT_BUNDLE_IDENTIFIER = com.androsenkoartem.MyPlaces;
				PRODUCT_NAME = "$(TARGET_NAME)";
				SWIFT_EMIT_LOC_STRINGS = YES;
				SWIFT_VERSION = 5.0;
				TARGETED_DEVICE_FAMILY = "1,2";
			};
			name = Debug;
		};
		DD53629729351636009A19FF /* Release */ = {
			isa = XCBuildConfiguration;
			buildSettings = {
				ASSETCATALOG_COMPILER_APPICON_NAME = AppIcon;
				ASSETCATALOG_COMPILER_GLOBAL_ACCENT_COLOR_NAME = AccentColor;
				CODE_SIGN_STYLE = Automatic;
				CURRENT_PROJECT_VERSION = 1;
				DEVELOPMENT_TEAM = F5T2KNU2K8;
				GENERATE_INFOPLIST_FILE = YES;
				INFOPLIST_FILE = MyPlaces/Info.plist;
				INFOPLIST_KEY_UIApplicationSupportsIndirectInputEvents = YES;
				INFOPLIST_KEY_UILaunchStoryboardName = LaunchScreen;
				INFOPLIST_KEY_UIMainStoryboardFile = Main;
				INFOPLIST_KEY_UISupportedInterfaceOrientations_iPad = "UIInterfaceOrientationPortrait UIInterfaceOrientationPortraitUpsideDown UIInterfaceOrientationLandscapeLeft UIInterfaceOrientationLandscapeRight";
				INFOPLIST_KEY_UISupportedInterfaceOrientations_iPhone = "UIInterfaceOrientationPortrait UIInterfaceOrientationLandscapeLeft UIInterfaceOrientationLandscapeRight";
				LD_RUNPATH_SEARCH_PATHS = (
					"$(inherited)",
					"@executable_path/Frameworks",
				);
				MARKETING_VERSION = 1.0;
				PRODUCT_BUNDLE_IDENTIFIER = com.androsenkoartem.MyPlaces;
				PRODUCT_NAME = "$(TARGET_NAME)";
				SWIFT_EMIT_LOC_STRINGS = YES;
				SWIFT_VERSION = 5.0;
				TARGETED_DEVICE_FAMILY = "1,2";
			};
			name = Release;
		};
/* End XCBuildConfiguration section */

/* Begin XCConfigurationList section */
		DD53627C29351634009A19FF /* Build configuration list for PBXProject "MyPlaces" */ = {
			isa = XCConfigurationList;
			buildConfigurations = (
				DD53629329351636009A19FF /* Debug */,
				DD53629429351636009A19FF /* Release */,
			);
			defaultConfigurationIsVisible = 0;
			defaultConfigurationName = Release;
		};
		DD53629529351636009A19FF /* Build configuration list for PBXNativeTarget "MyPlaces" */ = {
			isa = XCConfigurationList;
			buildConfigurations = (
				DD53629629351636009A19FF /* Debug */,
				DD53629729351636009A19FF /* Release */,
			);
			defaultConfigurationIsVisible = 0;
			defaultConfigurationName = Release;
		};
/* End XCConfigurationList section */

/* Begin XCRemoteSwiftPackageReference section */
		DD592E2229523C2C00893034 /* XCRemoteSwiftPackageReference "Cosmos" */ = {
			isa = XCRemoteSwiftPackageReference;
			repositoryURL = "https://github.com/evgenyneu/Cosmos.git";
			requirement = {
				kind = upToNextMajorVersion;
				minimumVersion = 23.0.0;
			};
		};
		DDE870C6293F4C4200D53156 /* XCRemoteSwiftPackageReference "realm-swift" */ = {
			isa = XCRemoteSwiftPackageReference;
			repositoryURL = "https://github.com/realm/realm-swift.git";
			requirement = {
				kind = upToNextMajorVersion;
				minimumVersion = 10.33.0;
			};
		};
/* End XCRemoteSwiftPackageReference section */

/* Begin XCSwiftPackageProductDependency section */
		DD592E2329523C2C00893034 /* Cosmos */ = {
			isa = XCSwiftPackageProductDependency;
			package = DD592E2229523C2C00893034 /* XCRemoteSwiftPackageReference "Cosmos" */;
			productName = Cosmos;
		};
		DDE870C7293F4C4200D53156 /* Realm */ = {
			isa = XCSwiftPackageProductDependency;
			package = DDE870C6293F4C4200D53156 /* XCRemoteSwiftPackageReference "realm-swift" */;
			productName = Realm;
		};
		DDE870C9293F4C4200D53156 /* RealmSwift */ = {
			isa = XCSwiftPackageProductDependency;
			package = DDE870C6293F4C4200D53156 /* XCRemoteSwiftPackageReference "realm-swift" */;
			productName = RealmSwift;
		};
/* End XCSwiftPackageProductDependency section */
	};
	rootObject = DD53627929351634009A19FF /* Project object */;
}
